
Microsoft Visual Studio Solution File, Format Version 12.00
# Visual Studio Version 17
VisualStudioVersion = 17.7.34031.279
MinimumVisualStudioVersion = 10.0.40219.1
Project("{FAE04EC0-301F-11D3-BF4B-00C04F79EFBC}") = "JeuDuPendu", "JeuDuPendu\JeuDuPendu.csproj", "{3152A864-85E0-402C-9C85-1056DBB178B9}"
EndProject
Global
	GlobalSection(SolutionConfigurationPlatforms) = preSolution
		Debug|Any CPU = Debug|Any CPU
		Release|Any CPU = Release|Any CPU
	EndGlobalSection
	GlobalSection(ProjectConfigurationPlatforms) = postSolution
		{3152A864-85E0-402C-9C85-1056DBB178B9}.Debug|Any CPU.ActiveCfg = Debug|Any CPU
		{3152A864-85E0-402C-9C85-1056DBB178B9}.Debug|Any CPU.Build.0 = Debug|Any CPU
		{3152A864-85E0-402C-9C85-1056DBB178B9}.Release|Any CPU.ActiveCfg = Release|Any CPU
		{3152A864-85E0-402C-9C85-1056DBB178B9}.Release|Any CPU.Build.0 = Release|Any CPU
	EndGlobalSection
	GlobalSection(SolutionProperties) = preSolution
		HideSolutionNode = FALSE
	EndGlobalSection
	GlobalSection(ExtensibilityGlobals) = postSolution
		SolutionGuid = {54BF5AC6-5775-413A-9C42-6502B8B58ACB}
	EndGlobalSection
EndGlobal
